
Microsoft Visual Studio Solution File, Format Version 12.00
# Visual Studio Version 17
VisualStudioVersion = 17.13.35818.85 d17.13
MinimumVisualStudioVersion = 10.0.40219.1
Project("{FAE04EC0-301F-11D3-BF4B-00C04F79EFBC}") = "WinFormsApp1", "WinFormsApp1\WinFormsApp1.csproj", "{00ED7F4A-0C23-4DEF-9FCA-5E357E61DD78}"
EndProject
Global
	GlobalSection(SolutionConfigurationPlatforms) = preSolution
		Debug|Any CPU = Debug|Any CPU
		Release|Any CPU = Release|Any CPU
	EndGlobalSection
	GlobalSection(ProjectConfigurationPlatforms) = postSolution
		{00ED7F4A-0C23-4DEF-9FCA-5E357E61DD78}.Debug|Any CPU.ActiveCfg = Debug|Any CPU
		{00ED7F4A-0C23-4DEF-9FCA-5E357E61DD78}.Debug|Any CPU.Build.0 = Debug|Any CPU
		{00ED7F4A-0C23-4DEF-9FCA-5E357E61DD78}.Release|Any CPU.ActiveCfg = Release|Any CPU
		{00ED7F4A-0C23-4DEF-9FCA-5E357E61DD78}.Release|Any CPU.Build.0 = Release|Any CPU
	EndGlobalSection
	GlobalSection(SolutionProperties) = preSolution
		HideSolutionNode = FALSE
	EndGlobalSection
	GlobalSection(ExtensibilityGlobals) = postSolution
		SolutionGuid = {B32586ED-9562-4BF0-BD29-C6C3157FD8D6}
	EndGlobalSection
EndGlobal
